
Microsoft Visual Studio Solution File, Format Version 12.00
# Visual Studio Version 17
VisualStudioVersion = 17.9.34701.34
MinimumVisualStudioVersion = 10.0.40219.1
Project("{FAE04EC0-301F-11D3-BF4B-00C04F79EFBC}") = "ApplicationRegistration", "ApplicationRegistration\ApplicationRegistration.csproj", "{398B83FC-7E86-4070-A353-099CF32A57FC}"
EndProject
Global
	GlobalSection(SolutionConfigurationPlatforms) = preSolution
		Debug|Any CPU = Debug|Any CPU
		Release|Any CPU = Release|Any CPU
	EndGlobalSection
	GlobalSection(ProjectConfigurationPlatforms) = postSolution
		{398B83FC-7E86-4070-A353-099CF32A57FC}.Debug|Any CPU.ActiveCfg = Debug|Any CPU
		{398B83FC-7E86-4070-A353-099CF32A57FC}.Debug|Any CPU.Build.0 = Debug|Any CPU
		{398B83FC-7E86-4070-A353-099CF32A57FC}.Release|Any CPU.ActiveCfg = Release|Any CPU
		{398B83FC-7E86-4070-A353-099CF32A57FC}.Release|Any CPU.Build.0 = Release|Any CPU
	EndGlobalSection
	GlobalSection(SolutionProperties) = preSolution
		HideSolutionNode = FALSE
	EndGlobalSection
	GlobalSection(ExtensibilityGlobals) = postSolution
		SolutionGuid = {22EB015C-2454-4273-84AA-978EDE101712}
	EndGlobalSection
EndGlobal
